
Microsoft Visual Studio Solution File, Format Version 12.00
# Visual Studio Version 17
VisualStudioVersion = 17.9.34714.143
MinimumVisualStudioVersion = 10.0.40219.1
Project("{9A19103F-16F7-4668-BE54-9A1E7A4F7556}") = "MiniApp.Api", "MiniApp.Api\MiniApp.Api.csproj", "{557C13AF-E1B6-4E79-B015-60702976B8E8}"
EndProject
Project("{9A19103F-16F7-4668-BE54-9A1E7A4F7556}") = "MiniApp.Application", "MiniApp.Application\MiniApp.Application.csproj", "{310B9BFF-CD7E-4BA2-B38C-5CF59C325441}"
EndProject
Project("{9A19103F-16F7-4668-BE54-9A1E7A4F7556}") = "MiniApp.Dal", "MiniApp.Dal\MiniApp.Dal.csproj", "{90E869FD-18A0-4F25-B6B0-CAC503BC434F}"
EndProject
Project("{9A19103F-16F7-4668-BE54-9A1E7A4F7556}") = "MiniApp.Models", "MiniApp.Models\MiniApp.Models.csproj", "{417ED95F-9AE9-487E-9380-0A9C085042CE}"
EndProject
Project("{FAE04EC0-301F-11D3-BF4B-00C04F79EFBC}") = "MiniApp.Persistence", "MiniApp.Persistence\MiniApp.Persistence.csproj", "{9848BA11-BD5D-4DD8-9679-81AB4573E158}"
EndProject
Global
	GlobalSection(SolutionConfigurationPlatforms) = preSolution
		Debug|Any CPU = Debug|Any CPU
		Release|Any CPU = Release|Any CPU
	EndGlobalSection
	GlobalSection(ProjectConfigurationPlatforms) = postSolution
		{557C13AF-E1B6-4E79-B015-60702976B8E8}.Debug|Any CPU.ActiveCfg = Debug|Any CPU
		{557C13AF-E1B6-4E79-B015-60702976B8E8}.Debug|Any CPU.Build.0 = Debug|Any CPU
		{557C13AF-E1B6-4E79-B015-60702976B8E8}.Release|Any CPU.ActiveCfg = Release|Any CPU
		{557C13AF-E1B6-4E79-B015-60702976B8E8}.Release|Any CPU.Build.0 = Release|Any CPU
		{310B9BFF-CD7E-4BA2-B38C-5CF59C325441}.Debug|Any CPU.ActiveCfg = Debug|Any CPU
		{310B9BFF-CD7E-4BA2-B38C-5CF59C325441}.Debug|Any CPU.Build.0 = Debug|Any CPU
		{310B9BFF-CD7E-4BA2-B38C-5CF59C325441}.Release|Any CPU.ActiveCfg = Release|Any CPU
		{310B9BFF-CD7E-4BA2-B38C-5CF59C325441}.Release|Any CPU.Build.0 = Release|Any CPU
		{90E869FD-18A0-4F25-B6B0-CAC503BC434F}.Debug|Any CPU.ActiveCfg = Debug|Any CPU
		{90E869FD-18A0-4F25-B6B0-CAC503BC434F}.Debug|Any CPU.Build.0 = Debug|Any CPU
		{90E869FD-18A0-4F25-B6B0-CAC503BC434F}.Release|Any CPU.ActiveCfg = Release|Any CPU
		{90E869FD-18A0-4F25-B6B0-CAC503BC434F}.Release|Any CPU.Build.0 = Release|Any CPU
		{417ED95F-9AE9-487E-9380-0A9C085042CE}.Debug|Any CPU.ActiveCfg = Debug|Any CPU
		{417ED95F-9AE9-487E-9380-0A9C085042CE}.Debug|Any CPU.Build.0 = Debug|Any CPU
		{417ED95F-9AE9-487E-9380-0A9C085042CE}.Release|Any CPU.ActiveCfg = Release|Any CPU
		{417ED95F-9AE9-487E-9380-0A9C085042CE}.Release|Any CPU.Build.0 = Release|Any CPU
		{9848BA11-BD5D-4DD8-9679-81AB4573E158}.Debug|Any CPU.ActiveCfg = Debug|Any CPU
		{9848BA11-BD5D-4DD8-9679-81AB4573E158}.Debug|Any CPU.Build.0 = Debug|Any CPU
		{9848BA11-BD5D-4DD8-9679-81AB4573E158}.Release|Any CPU.ActiveCfg = Release|Any CPU
		{9848BA11-BD5D-4DD8-9679-81AB4573E158}.Release|Any CPU.Build.0 = Release|Any CPU
	EndGlobalSection
	GlobalSection(SolutionProperties) = preSolution
		HideSolutionNode = FALSE
	EndGlobalSection
	GlobalSection(ExtensibilityGlobals) = postSolution
		SolutionGuid = {74346351-A096-40DE-A1C4-D683369A15A2}
	EndGlobalSection
EndGlobal
